# This file is automatically @generated by Poetry 1.8.5 and should not be changed by hand.

[[package]]
name = "aioredis"
version = "1.3.1"
description = "asyncio (PEP 3156) Redis support"
optional = false
python-versions = "*"
files = []

[[package]]
name = "coverage"
version = "7.6.9"
description = "Code coverage measurement for Python"
optional = false
python-versions = "*"
files = []

[[package]]
name = "dateparser"
version = "1.2.0"
description = "Date parsing library designed to parse dates from HTML pages"
optional = false
python-versions = "*"
files = []

[[package]]
name = "influxobject"
version = "0.0.4"
description = "Influx Object Package"
optional = false
python-versions = "*"
files = []

[[package]]
name = "leaf-hello-world"
version = "0.1.0"
description = "Leaf Adapter with a basic Hello World function. Creating a hello world message every x interval."
optional = false
python-versions = "^3.12"
files = []
develop = false

[package.source]
type = "git"
url = "https://gitlab.com/LabEquipmentAdapterFramework/leaf-adapters/leaf-hello-world.git"
reference = "HEAD"
resolved_reference = "6f3438efecbc2aff1476d578a0d9c8a1f9433c92"

[[package]]
name = "leaf-register"
version = "0.1.0"
description = ""
optional = false
python-versions = "^3.12"
files = []
develop = false

[package.source]
type = "git"
url = "https://gitlab.com/LabEquipmentAdapterFramework/leaf-register.git"
reference = "HEAD"
resolved_reference = "0f13844f587b37aaf4413dd34c0c8f5eedf52172"

[[package]]
name = "paho-mqtt"
version = "2.1.0"
description = "MQTT version 5.0/3.1.1 client class"
optional = false
python-versions = "*"
files = []

[[package]]
name = "pandas"
version = "2.2.3"
description = "Powerful data structures for data analysis, time series, and statistics"
optional = false
python-versions = "*"
files = []

[[package]]
name = "poetry"
version = "1.8.5"
description = "Python dependency management and packaging made easy."
optional = false
python-versions = "*"
files = []

[[package]]
name = "pytest"
version = "8.3.4"
description = "pytest: simple powerful testing with Python"
optional = false
python-versions = "*"
files = []

[[package]]
name = "pytest-xdist"
version = "3.6.1"
description = "pytest xdist plugin for distributed testing, most importantly across multiple CPUs"
optional = false
python-versions = "*"
files = []

[[package]]
name = "PyYAML"
version = "6.0.2"
description = "YAML parser and emitter for Python"
optional = false
python-versions = "*"
files = []

[[package]]
name = "redis"
version = "5.0.8"
description = "Python client for Redis database and key-value store"
optional = false
python-versions = "*"
files = []

[[package]]
name = "setuptools"
version = "75.1.0"
description = "Easily download, build, install, upgrade, and uninstall Python packages"
optional = false
python-versions = "*"
files = []

[[package]]
name = "watchdog"
version = "2.1.9"
description = "Filesystem events monitoring"
optional = false
python-versions = "*"
files = []

[metadata]
lock-version = "2.0"
python-versions = "^3.12"
content-hash = "240e0b12f99e1805b9cd520e7965be652151bfa4bafbc1800b733ebb24e89383"
